
Microsoft Visual Studio Solution File, Format Version 12.00
# Visual Studio Version 17
VisualStudioVersion = 17.5.33502.453
MinimumVisualStudioVersion = 10.0.40219.1
Project("{FAE04EC0-301F-11D3-BF4B-00C04F79EFBC}") = "GN-Convert-V1.0", "GN-Convert-V1.0.csproj", "{3F3631A6-2847-4752-94AF-7A745E3A00D2}"
EndProject
Global
	GlobalSection(SolutionConfigurationPlatforms) = preSolution
		Debug|Any CPU = Debug|Any CPU
		Release|Any CPU = Release|Any CPU
	EndGlobalSection
	GlobalSection(ProjectConfigurationPlatforms) = postSolution
		{3F3631A6-2847-4752-94AF-7A745E3A00D2}.Debug|Any CPU.ActiveCfg = Debug|Any CPU
		{3F3631A6-2847-4752-94AF-7A745E3A00D2}.Debug|Any CPU.Build.0 = Debug|Any CPU
		{3F3631A6-2847-4752-94AF-7A745E3A00D2}.Release|Any CPU.ActiveCfg = Release|Any CPU
		{3F3631A6-2847-4752-94AF-7A745E3A00D2}.Release|Any CPU.Build.0 = Release|Any CPU
	EndGlobalSection
	GlobalSection(SolutionProperties) = preSolution
		HideSolutionNode = FALSE
	EndGlobalSection
	GlobalSection(ExtensibilityGlobals) = postSolution
		SolutionGuid = {E0192DD4-46BD-4A97-8ADF-DEE0C9836E1C}
	EndGlobalSection
EndGlobal
